
Microsoft Visual Studio Solution File, Format Version 12.00
# Visual Studio Version 16
VisualStudioVersion = 16.0.30804.86
MinimumVisualStudioVersion = 10.0.40219.1
Project("{FAE04EC0-301F-11D3-BF4B-00C04F79EFBC}") = "LanguageCenter", "LanguageCenter\LanguageCenter.csproj", "{C0159AC5-4197-4C2C-BF10-1E07D109771E}"
EndProject
Global
	GlobalSection(SolutionConfigurationPlatforms) = preSolution
		Debug|Any CPU = Debug|Any CPU
		Release|Any CPU = Release|Any CPU
	EndGlobalSection
	GlobalSection(ProjectConfigurationPlatforms) = postSolution
		{C0159AC5-4197-4C2C-BF10-1E07D109771E}.Debug|Any CPU.ActiveCfg = Debug|Any CPU
		{C0159AC5-4197-4C2C-BF10-1E07D109771E}.Debug|Any CPU.Build.0 = Debug|Any CPU
		{C0159AC5-4197-4C2C-BF10-1E07D109771E}.Release|Any CPU.ActiveCfg = Release|Any CPU
		{C0159AC5-4197-4C2C-BF10-1E07D109771E}.Release|Any CPU.Build.0 = Release|Any CPU
	EndGlobalSection
	GlobalSection(SolutionProperties) = preSolution
		HideSolutionNode = FALSE
	EndGlobalSection
	GlobalSection(ExtensibilityGlobals) = postSolution
		SolutionGuid = {C2108F96-C1BF-4DD2-922B-B75E798101A0}
	EndGlobalSection
EndGlobal
